<?xml version="1.0" encoding="utf-8"?>
<Project ToolsVersion="15.0" xmlns="http://schemas.microsoft.com/developer/msbuild/2003">
  <ItemGroup>
    <ClCompile Include="D:\project\rabo\license_checker\server\connection.cpp">
      <Filter>Source Files</Filter>
    </ClCompile>
    <ClCompile Include="D:\project\rabo\license_checker\server\connection_manager.cpp">
      <Filter>Source Files</Filter>
    </ClCompile>
    <ClCompile Include="D:\project\rabo\license_checker\server\main.cpp">
      <Filter>Source Files</Filter>
    </ClCompile>
    <ClCompile Include="D:\project\rabo\license_checker\server\mime_types.cpp">
      <Filter>Source Files</Filter>
    </ClCompile>
    <ClCompile Include="D:\project\rabo\license_checker\server\reply.cpp">
      <Filter>Source Files</Filter>
    </ClCompile>
    <ClCompile Include="D:\project\rabo\license_checker\server\request_handler.cpp">
      <Filter>Source Files</Filter>
    </ClCompile>
    <ClCompile Include="D:\project\rabo\license_checker\server\request_parser.cpp">
      <Filter>Source Files</Filter>
    </ClCompile>
    <ClCompile Include="D:\project\rabo\license_checker\server\server.cpp">
      <Filter>Source Files</Filter>
    </ClCompile>
  </ItemGroup>
  <ItemGroup>
    <ClInclude Include="D:\project\rabo\license_checker\server\connection.hpp">
      <Filter>Header Files</Filter>
    </ClInclude>
    <ClInclude Include="D:\project\rabo\license_checker\server\connection_manager.hpp">
      <Filter>Header Files</Filter>
    </ClInclude>
    <ClInclude Include="D:\project\rabo\license_checker\server\header.hpp">
      <Filter>Header Files</Filter>
    </ClInclude>
    <ClInclude Include="D:\project\rabo\license_checker\server\mime_types.hpp">
      <Filter>Header Files</Filter>
    </ClInclude>
    <ClInclude Include="D:\project\rabo\license_checker\server\reply.hpp">
      <Filter>Header Files</Filter>
    </ClInclude>
    <ClInclude Include="D:\project\rabo\license_checker\server\request.hpp">
      <Filter>Header Files</Filter>
    </ClInclude>
    <ClInclude Include="D:\project\rabo\license_checker\server\request_handler.hpp">
      <Filter>Header Files</Filter>
    </ClInclude>
    <ClInclude Include="D:\project\rabo\license_checker\server\request_parser.hpp">
      <Filter>Header Files</Filter>
    </ClInclude>
    <ClInclude Include="D:\project\rabo\license_checker\server\server.hpp">
      <Filter>Header Files</Filter>
    </ClInclude>
  </ItemGroup>
  <ItemGroup>
    <CustomBuild Include="D:\project\rabo\license_checker\server\CMakeLists.txt" />
  </ItemGroup>
  <ItemGroup>
    <Filter Include="Header Files">
      <UniqueIdentifier>{700A55F0-5D12-3477-B056-15248DD85046}</UniqueIdentifier>
    </Filter>
    <Filter Include="Source Files">
      <UniqueIdentifier>{8F6A400C-2F46-36D2-B136-901F642D44D9}</UniqueIdentifier>
    </Filter>
  </ItemGroup>
</Project>
