<?xml version="1.0" encoding="utf-8"?>
<Project ToolsVersion="15.0" xmlns="http://schemas.microsoft.com/developer/msbuild/2003">
  <ItemGroup>
    <CustomBuild Include="D:\project\rabo\license_checker\server\build.debug\CMakeFiles\1fbf4313ad3ac0a39c13c61e9b8511b9\generate.stamp.rule">
      <Filter>CMake Rules</Filter>
    </CustomBuild>
  </ItemGroup>
  <ItemGroup>
    <Filter Include="CMake Rules">
      <UniqueIdentifier>{3C58DE09-3773-324E-AA54-A1D4A48F563F}</UniqueIdentifier>
    </Filter>
  </ItemGroup>
</Project>
